// !$*UTF8*$!
{
	archiveVersion = 1;
	classes = {
	};
	objectVersion = 46;
	objects = {

/* Begin PBXBuildFile section */
		F00568831BEA6C5500A91C86 /* fonctions.c in Sources */ = {isa = PBXBuildFile; fileRef = F00568801BEA6C5500A91C86 /* fonctions.c */; };
		F00568841BEA6C5500A91C86 /* main.c in Sources */ = {isa = PBXBuildFile; fileRef = F00568811BEA6C5500A91C86 /* main.c */; };
/* End PBXBuildFile section */

/* Begin PBXCopyFilesBuildPhase section */
		F042158E1BEA0516004211FA /* CopyFiles */ = {
			isa = PBXCopyFilesBuildPhase;
			buildActionMask = 2147483647;
			dstPath = /usr/share/man/man1/;
			dstSubfolderSpec = 0;
			files = (
			);
			runOnlyForDeploymentPostprocessing = 1;
		};
/* End PBXCopyFilesBuildPhase section */

/* Begin PBXFileReference section */
		F00568801BEA6C5500A91C86 /* fonctions.c */ = {isa = PBXFileReference; fileEncoding = 4; lastKnownFileType = sourcecode.c.c; path = fonctions.c; sourceTree = SOURCE_ROOT; };
		F00568811BEA6C5500A91C86 /* main.c */ = {isa = PBXFileReference; fileEncoding = 4; lastKnownFileType = sourcecode.c.c; path = main.c; sourceTree = SOURCE_ROOT; };
		F00568821BEA6C5500A91C86 /* main.h */ = {isa = PBXFileReference; fileEncoding = 4; lastKnownFileType = sourcecode.c.h; path = main.h; sourceTree = SOURCE_ROOT; };
		F04215901BEA0516004211FA /* Projet B46 Arbres */ = {isa = PBXFileReference; explicitFileType = "compiled.mach-o.executable"; includeInIndex = 0; path = "Projet B46 Arbres"; sourceTree = BUILT_PRODUCTS_DIR; };
/* End PBXFileReference section */

/* Begin PBXFrameworksBuildPhase section */
		F042158D1BEA0516004211FA /* Frameworks */ = {
			isa = PBXFrameworksBuildPhase;
			buildActionMask = 2147483647;
			files = (
			);
			runOnlyForDeploymentPostprocessing = 0;
		};
/* End PBXFrameworksBuildPhase section */

/* Begin PBXGroup section */
		F04215871BEA0516004211FA = {
			isa = PBXGroup;
			children = (
				F04215921BEA0516004211FA /* Projet B46 Arbres */,
				F04215911BEA0516004211FA /* Products */,
			);
			sourceTree = "<group>";
		};
		F04215911BEA0516004211FA /* Products */ = {
			isa = PBXGroup;
			children = (
				F04215901BEA0516004211FA /* Projet B46 Arbres */,
			);
			name = Products;
			sourceTree = "<group>";
		};
		F04215921BEA0516004211FA /* Projet B46 Arbres */ = {
			isa = PBXGroup;
			children = (
				F00568801BEA6C5500A91C86 /* fonctions.c */,
				F00568811BEA6C5500A91C86 /* main.c */,
				F00568821BEA6C5500A91C86 /* main.h */,
			);
			path = "Projet B46 Arbres";
			sourceTree = "<group>";
		};
/* End PBXGroup section */

/* Begin PBXNativeTarget section */
		F042158F1BEA0516004211FA /* Projet B46 Arbres */ = {
			isa = PBXNativeTarget;
			buildConfigurationList = F04215971BEA0516004211FA /* Build configuration list for PBXNativeTarget "Projet B46 Arbres" */;
			buildPhases = (
				F042158C1BEA0516004211FA /* Sources */,
				F042158D1BEA0516004211FA /* Frameworks */,
				F042158E1BEA0516004211FA /* CopyFiles */,
			);
			buildRules = (
			);
			dependencies = (
			);
			name = "Projet B46 Arbres";
			productName = "Projet B46 Arbres";
			productReference = F04215901BEA0516004211FA /* Projet B46 Arbres */;
			productType = "com.apple.product-type.tool";
		};
/* End PBXNativeTarget section */

/* Begin PBXProject section */
		F04215881BEA0516004211FA /* Project object */ = {
			isa = PBXProject;
			attributes = {
				LastUpgradeCheck = 0610;
				ORGANIZATIONNAME = Moi;
				TargetAttributes = {
					F042158F1BEA0516004211FA = {
						CreatedOnToolsVersion = 6.1.1;
					};
				};
			};
			buildConfigurationList = F042158B1BEA0516004211FA /* Build configuration list for PBXProject "Projet B46 Arbres" */;
			compatibilityVersion = "Xcode 3.2";
			developmentRegion = English;
			hasScannedForEncodings = 0;
			knownRegions = (
				en,
			);
			mainGroup = F04215871BEA0516004211FA;
			productRefGroup = F04215911BEA0516004211FA /* Products */;
			projectDirPath = "";
			projectRoot = "";
			targets = (
				F042158F1BEA0516004211FA /* Projet B46 Arbres */,
			);
		};
/* End PBXProject section */

/* Begin PBXSourcesBuildPhase section */
		F042158C1BEA0516004211FA /* Sources */ = {
			isa = PBXSourcesBuildPhase;
			buildActionMask = 2147483647;
			files = (
				F00568841BEA6C5500A91C86 /* main.c in Sources */,
				F00568831BEA6C5500A91C86 /* fonctions.c in Sources */,
			);
			runOnlyForDeploymentPostprocessing = 0;
		};
/* End PBXSourcesBuildPhase section */

/* Begin XCBuildConfiguration section */
		F04215951BEA0516004211FA /* Debug */ = {
			isa = XCBuildConfiguration;
			buildSettings = {
				ALWAYS_SEARCH_USER_PATHS = NO;
				CLANG_CXX_LANGUAGE_STANDARD = "gnu++0x";
				CLANG_CXX_LIBRARY = "libc++";
				CLANG_ENABLE_MODULES = YES;
				CLANG_ENABLE_OBJC_ARC = YES;
				CLANG_WARN_BOOL_CONVERSION = YES;
				CLANG_WARN_CONSTANT_CONVERSION = YES;
				CLANG_WARN_DIRECT_OBJC_ISA_USAGE = YES_ERROR;
				CLANG_WARN_EMPTY_BODY = YES;
				CLANG_WARN_ENUM_CONVERSION = YES;
				CLANG_WARN_INT_CONVERSION = YES;
				CLANG_WARN_OBJC_ROOT_CLASS = YES_ERROR;
				CLANG_WARN_UNREACHABLE_CODE = YES;
				CLANG_WARN__DUPLICATE_METHOD_MATCH = YES;
				COPY_PHASE_STRIP = NO;
				ENABLE_STRICT_OBJC_MSGSEND = YES;
				GCC_C_LANGUAGE_STANDARD = gnu99;
				GCC_DYNAMIC_NO_PIC = NO;
				GCC_OPTIMIZATION_LEVEL = 0;
				GCC_PREPROCESSOR_DEFINITIONS = (
					"DEBUG=1",
					"$(inherited)",
				);
				GCC_SYMBOLS_PRIVATE_EXTERN = NO;
				GCC_WARN_64_TO_32_BIT_CONVERSION = YES;
				GCC_WARN_ABOUT_RETURN_TYPE = YES_ERROR;
				GCC_WARN_UNDECLARED_SELECTOR = YES;
				GCC_WARN_UNINITIALIZED_AUTOS = YES_AGGRESSIVE;
				GCC_WARN_UNUSED_FUNCTION = YES;
				GCC_WARN_UNUSED_VARIABLE = YES;
				MACOSX_DEPLOYMENT_TARGET = 10.10;
				MTL_ENABLE_DEBUG_INFO = YES;
				ONLY_ACTIVE_ARCH = YES;
				SDKROOT = macosx;
			};
			name = Debug;
		};
		F04215961BEA0516004211FA /* Release */ = {
			isa = XCBuildConfiguration;
			buildSettings = {
				ALWAYS_SEARCH_USER_PATHS = NO;
				CLANG_CXX_LANGUAGE_STANDARD = "gnu++0x";
				CLANG_CXX_LIBRARY = "libc++";
				CLANG_ENABLE_MODULES = YES;
				CLANG_ENABLE_OBJC_ARC = YES;
				CLANG_WARN_BOOL_CONVERSION = YES;
				CLANG_WARN_CONSTANT_CONVERSION = YES;
				CLANG_WARN_DIRECT_OBJC_ISA_USAGE = YES_ERROR;
				CLANG_WARN_EMPTY_BODY = YES;
				CLANG_WARN_ENUM_CONVERSION = YES;
				CLANG_WARN_INT_CONVERSION = YES;
				CLANG_WARN_OBJC_ROOT_CLASS = YES_ERROR;
				CLANG_WARN_UNREACHABLE_CODE = YES;
				CLANG_WARN__DUPLICATE_METHOD_MATCH = YES;
				COPY_PHASE_STRIP = YES;
				DEBUG_INFORMATION_FORMAT = "dwarf-with-dsym";
				ENABLE_NS_ASSERTIONS = NO;
				ENABLE_STRICT_OBJC_MSGSEND = YES;
				GCC_C_LANGUAGE_STANDARD = gnu99;
				GCC_WARN_64_TO_32_BIT_CONVERSION = YES;
				GCC_WARN_ABOUT_RETURN_TYPE = YES_ERROR;
				GCC_WARN_UNDECLARED_SELECTOR = YES;
				GCC_WARN_UNINITIALIZED_AUTOS = YES_AGGRESSIVE;
				GCC_WARN_UNUSED_FUNCTION = YES;
				GCC_WARN_UNUSED_VARIABLE = YES;
				MACOSX_DEPLOYMENT_TARGET = 10.10;
				MTL_ENABLE_DEBUG_INFO = NO;
				SDKROOT = macosx;
			};
			name = Release;
		};
		F04215981BEA0516004211FA /* Debug */ = {
			isa = XCBuildConfiguration;
			buildSettings = {
				PRODUCT_NAME = "$(TARGET_NAME)";
			};
			name = Debug;
		};
		F04215991BEA0516004211FA /* Release */ = {
			isa = XCBuildConfiguration;
			buildSettings = {
				PRODUCT_NAME = "$(TARGET_NAME)";
			};
			name = Release;
		};
/* End XCBuildConfiguration section */

/* Begin XCConfigurationList section */
		F042158B1BEA0516004211FA /* Build configuration list for PBXProject "Projet B46 Arbres" */ = {
			isa = XCConfigurationList;
			buildConfigurations = (
				F04215951BEA0516004211FA /* Debug */,
				F04215961BEA0516004211FA /* Release */,
			);
			defaultConfigurationIsVisible = 0;
			defaultConfigurationName = Release;
		};
		F04215971BEA0516004211FA /* Build configuration list for PBXNativeTarget "Projet B46 Arbres" */ = {
			isa = XCConfigurationList;
			buildConfigurations = (
				F04215981BEA0516004211FA /* Debug */,
				F04215991BEA0516004211FA /* Release */,
			);
			defaultConfigurationIsVisible = 0;
			defaultConfigurationName = Release;
		};
/* End XCConfigurationList section */
	};
	rootObject = F04215881BEA0516004211FA /* Project object */;
}
